
Microsoft Visual Studio Solution File, Format Version 12.00
# Visual Studio Version 17
VisualStudioVersion = 17.9.34902.65
MinimumVisualStudioVersion = 10.0.40219.1
Project("{FAE04EC0-301F-11D3-BF4B-00C04F79EFBC}") = "TestGithubInMonogame", "TestGithubInMonogame\TestGithubInMonogame.csproj", "{844C9A85-DAC4-4205-AEAC-9BF712CFA740}"
EndProject
Global
	GlobalSection(SolutionConfigurationPlatforms) = preSolution
		Debug|Any CPU = Debug|Any CPU
		Release|Any CPU = Release|Any CPU
	EndGlobalSection
	GlobalSection(ProjectConfigurationPlatforms) = postSolution
		{844C9A85-DAC4-4205-AEAC-9BF712CFA740}.Debug|Any CPU.ActiveCfg = Debug|Any CPU
		{844C9A85-DAC4-4205-AEAC-9BF712CFA740}.Debug|Any CPU.Build.0 = Debug|Any CPU
		{844C9A85-DAC4-4205-AEAC-9BF712CFA740}.Release|Any CPU.ActiveCfg = Release|Any CPU
		{844C9A85-DAC4-4205-AEAC-9BF712CFA740}.Release|Any CPU.Build.0 = Release|Any CPU
	EndGlobalSection
	GlobalSection(SolutionProperties) = preSolution
		HideSolutionNode = FALSE
	EndGlobalSection
	GlobalSection(ExtensibilityGlobals) = postSolution
		SolutionGuid = {A998943C-5C09-4CD0-AA59-FBF8344D46B3}
	EndGlobalSection
EndGlobal
